
Microsoft Visual Studio Solution File, Format Version 12.00
# Visual Studio Version 16
VisualStudioVersion = 16.0.29209.62
MinimumVisualStudioVersion = 10.0.40219.1
Project("{FAE04EC0-301F-11D3-BF4B-00C04F79EFBC}") = "project-the-barista", "project-the-barista\project-the-barista.csproj", "{A8DF41CE-B2E9-4FD2-B12A-EFB9E164F86E}"
EndProject
Global
	GlobalSection(SolutionConfigurationPlatforms) = preSolution
		Debug|Any CPU = Debug|Any CPU
		Release|Any CPU = Release|Any CPU
	EndGlobalSection
	GlobalSection(ProjectConfigurationPlatforms) = postSolution
		{A8DF41CE-B2E9-4FD2-B12A-EFB9E164F86E}.Debug|Any CPU.ActiveCfg = Debug|Any CPU
		{A8DF41CE-B2E9-4FD2-B12A-EFB9E164F86E}.Debug|Any CPU.Build.0 = Debug|Any CPU
		{A8DF41CE-B2E9-4FD2-B12A-EFB9E164F86E}.Release|Any CPU.ActiveCfg = Release|Any CPU
		{A8DF41CE-B2E9-4FD2-B12A-EFB9E164F86E}.Release|Any CPU.Build.0 = Release|Any CPU
	EndGlobalSection
	GlobalSection(SolutionProperties) = preSolution
		HideSolutionNode = FALSE
	EndGlobalSection
	GlobalSection(ExtensibilityGlobals) = postSolution
		SolutionGuid = {BF267E9C-4CD2-4D3A-9484-0020DC0C29B6}
	EndGlobalSection
EndGlobal
