
Microsoft Visual Studio Solution File, Format Version 12.00
# Visual Studio Version 16
VisualStudioVersion = 16.0.29318.209
MinimumVisualStudioVersion = 10.0.40219.1
Project("{FAE04EC0-301F-11D3-BF4B-00C04F79EFBC}") = "The_barista", "The_barista\The_barista.csproj", "{F827E6E6-2B39-40B2-9904-EE3280BF15D2}"
EndProject
Global
	GlobalSection(SolutionConfigurationPlatforms) = preSolution
		Debug|Any CPU = Debug|Any CPU
		Release|Any CPU = Release|Any CPU
	EndGlobalSection
	GlobalSection(ProjectConfigurationPlatforms) = postSolution
		{F827E6E6-2B39-40B2-9904-EE3280BF15D2}.Debug|Any CPU.ActiveCfg = Debug|Any CPU
		{F827E6E6-2B39-40B2-9904-EE3280BF15D2}.Debug|Any CPU.Build.0 = Debug|Any CPU
		{F827E6E6-2B39-40B2-9904-EE3280BF15D2}.Release|Any CPU.ActiveCfg = Release|Any CPU
		{F827E6E6-2B39-40B2-9904-EE3280BF15D2}.Release|Any CPU.Build.0 = Release|Any CPU
	EndGlobalSection
	GlobalSection(SolutionProperties) = preSolution
		HideSolutionNode = FALSE
	EndGlobalSection
	GlobalSection(ExtensibilityGlobals) = postSolution
		SolutionGuid = {5D50325D-8B76-4DC3-A038-C76520BB9486}
	EndGlobalSection
EndGlobal
